
Microsoft Visual Studio Solution File, Format Version 12.00
# Visual Studio 15
VisualStudioVersion = 15.0.27703.2042
MinimumVisualStudioVersion = 10.0.40219.1
Project("{FAE04EC0-301F-11D3-BF4B-00C04F79EFBC}") = "PMAtoXML", "PMAtoXML\PMAtoXML.csproj", "{F401F302-E9B2-4C82-8310-97AB7A1DF978}"
EndProject
Project("{FAE04EC0-301F-11D3-BF4B-00C04F79EFBC}") = "PMA", "PMA\PMA.csproj", "{59525C25-D680-406D-848C-28F77323AC51}"
EndProject
Global
	GlobalSection(SolutionConfigurationPlatforms) = preSolution
		Debug|Any CPU = Debug|Any CPU
		Release|Any CPU = Release|Any CPU
	EndGlobalSection
	GlobalSection(ProjectConfigurationPlatforms) = postSolution
		{F401F302-E9B2-4C82-8310-97AB7A1DF978}.Debug|Any CPU.ActiveCfg = Debug|Any CPU
		{F401F302-E9B2-4C82-8310-97AB7A1DF978}.Debug|Any CPU.Build.0 = Debug|Any CPU
		{F401F302-E9B2-4C82-8310-97AB7A1DF978}.Release|Any CPU.ActiveCfg = Release|Any CPU
		{F401F302-E9B2-4C82-8310-97AB7A1DF978}.Release|Any CPU.Build.0 = Release|Any CPU
		{59525C25-D680-406D-848C-28F77323AC51}.Debug|Any CPU.ActiveCfg = Debug|Any CPU
		{59525C25-D680-406D-848C-28F77323AC51}.Debug|Any CPU.Build.0 = Debug|Any CPU
		{59525C25-D680-406D-848C-28F77323AC51}.Release|Any CPU.ActiveCfg = Release|Any CPU
		{59525C25-D680-406D-848C-28F77323AC51}.Release|Any CPU.Build.0 = Release|Any CPU
	EndGlobalSection
	GlobalSection(SolutionProperties) = preSolution
		HideSolutionNode = FALSE
	EndGlobalSection
	GlobalSection(ExtensibilityGlobals) = postSolution
		SolutionGuid = {C88E5033-59E1-44B9-8510-2D266FC2E5B4}
	EndGlobalSection
EndGlobal
